
Microsoft Visual Studio Solution File, Format Version 12.00
# Visual Studio Version 17
VisualStudioVersion = 17.3.32929.385
MinimumVisualStudioVersion = 10.0.40219.1
Project("{9092AA53-FB77-4645-B42D-1CCCA6BD08BD}") = "java4.vaja", "java4.vaja.njsproj", "{34284B51-B963-4C84-9AB5-49098C8889D5}"
EndProject
Global
	GlobalSection(SolutionConfigurationPlatforms) = preSolution
		Debug|Any CPU = Debug|Any CPU
		Release|Any CPU = Release|Any CPU
	EndGlobalSection
	GlobalSection(ProjectConfigurationPlatforms) = postSolution
		{34284B51-B963-4C84-9AB5-49098C8889D5}.Debug|Any CPU.ActiveCfg = Debug|Any CPU
		{34284B51-B963-4C84-9AB5-49098C8889D5}.Debug|Any CPU.Build.0 = Debug|Any CPU
		{34284B51-B963-4C84-9AB5-49098C8889D5}.Release|Any CPU.ActiveCfg = Release|Any CPU
		{34284B51-B963-4C84-9AB5-49098C8889D5}.Release|Any CPU.Build.0 = Release|Any CPU
	EndGlobalSection
	GlobalSection(SolutionProperties) = preSolution
		HideSolutionNode = FALSE
	EndGlobalSection
	GlobalSection(ExtensibilityGlobals) = postSolution
		SolutionGuid = {480AB489-A69A-4F2D-8579-944F9475D469}
	EndGlobalSection
EndGlobal
